// !$*UTF8*$!
{
	archiveVersion = 1;
	classes = {
	};
	objectVersion = 46;
	objects = {

/* Begin PBXBuildFile section */
		7419A024872539F1D1B6158C /* libPods-ZCProject0.1.a in Frameworks */ = {isa = PBXBuildFile; fileRef = 649348D8C8F9355D9E347586 /* libPods-ZCProject0.1.a */; };
		7D415C321D34D2A7004E5E22 /* main.m in Sources */ = {isa = PBXBuildFile; fileRef = 7D415C311D34D2A7004E5E22 /* main.m */; };
		7D415C351D34D2A7004E5E22 /* AppDelegate.m in Sources */ = {isa = PBXBuildFile; fileRef = 7D415C341D34D2A7004E5E22 /* AppDelegate.m */; };
		7D415C3D1D34D2A7004E5E22 /* Assets.xcassets in Resources */ = {isa = PBXBuildFile; fileRef = 7D415C3C1D34D2A7004E5E22 /* Assets.xcassets */; };
		7D415C401D34D2A7004E5E22 /* LaunchScreen.storyboard in Resources */ = {isa = PBXBuildFile; fileRef = 7D415C3E1D34D2A7004E5E22 /* LaunchScreen.storyboard */; };
		7D415C7D1D34F516004E5E22 /* BaseViewController.m in Sources */ = {isa = PBXBuildFile; fileRef = 7D415C7C1D34F516004E5E22 /* BaseViewController.m */; };
		7D415C811D34F529004E5E22 /* BaseView.m in Sources */ = {isa = PBXBuildFile; fileRef = 7D415C801D34F529004E5E22 /* BaseView.m */; };
		7D415C841D34F53A004E5E22 /* BaseModel.m in Sources */ = {isa = PBXBuildFile; fileRef = 7D415C831D34F53A004E5E22 /* BaseModel.m */; };
		7D415C871D34F55B004E5E22 /* BaseRequest.m in Sources */ = {isa = PBXBuildFile; fileRef = 7D415C861D34F55B004E5E22 /* BaseRequest.m */; };
		7D415C8A1D34F612004E5E22 /* ZCTabBar.m in Sources */ = {isa = PBXBuildFile; fileRef = 7D415C891D34F612004E5E22 /* ZCTabBar.m */; };
		7D415C8D1D34F81E004E5E22 /* RootViewController.m in Sources */ = {isa = PBXBuildFile; fileRef = 7D415C8C1D34F81E004E5E22 /* RootViewController.m */; };
		7D415C961D35123B004E5E22 /* CZRequestHelper.m in Sources */ = {isa = PBXBuildFile; fileRef = 7D415C951D35123B004E5E22 /* CZRequestHelper.m */; };
		7D8438691D3C7A7200AF2875 /* angle-mask@3x.png in Resources */ = {isa = PBXBuildFile; fileRef = 7D84385D1D3C7A7200AF2875 /* angle-mask@3x.png */; };
		7D84386A1D3C7A7200AF2875 /* GCLoadingView.m in Sources */ = {isa = PBXBuildFile; fileRef = 7D84385F1D3C7A7200AF2875 /* GCLoadingView.m */; };
		7D84386B1D3C7A7200AF2875 /* NSString+Size.m in Sources */ = {isa = PBXBuildFile; fileRef = 7D8438611D3C7A7200AF2875 /* NSString+Size.m */; };
		7D84386C1D3C7A7200AF2875 /* STError@2x.png in Resources */ = {isa = PBXBuildFile; fileRef = 7D8438621D3C7A7200AF2875 /* STError@2x.png */; };
		7D84386D1D3C7A7200AF2875 /* STSuccess@2x.png in Resources */ = {isa = PBXBuildFile; fileRef = 7D8438631D3C7A7200AF2875 /* STSuccess@2x.png */; };
		7D84386E1D3C7A7200AF2875 /* STTextHud.m in Sources */ = {isa = PBXBuildFile; fileRef = 7D8438651D3C7A7200AF2875 /* STTextHud.m */; };
		7D84386F1D3C7A7200AF2875 /* STTextHud.xib in Resources */ = {isa = PBXBuildFile; fileRef = 7D8438661D3C7A7200AF2875 /* STTextHud.xib */; };
		7D8438701D3C7A7200AF2875 /* STTextHudTool.m in Sources */ = {isa = PBXBuildFile; fileRef = 7D8438681D3C7A7200AF2875 /* STTextHudTool.m */; };
		7D8438731D3CB91700AF2875 /* ZCMemorialDayManager.m in Sources */ = {isa = PBXBuildFile; fileRef = 7D8438721D3CB91700AF2875 /* ZCMemorialDayManager.m */; };
		7D8438761D3CCD5F00AF2875 /* ZCMemorialDayModel.m in Sources */ = {isa = PBXBuildFile; fileRef = 7D8438751D3CCD5F00AF2875 /* ZCMemorialDayModel.m */; };
		7D93DCCA1D388B3F00F5542A /* ZCLoginHelper.m in Sources */ = {isa = PBXBuildFile; fileRef = 7D93DCC91D388B3F00F5542A /* ZCLoginHelper.m */; };
		7D9857FD1D405B0000E0C507 /* icon-cat-reload@2x.png in Resources */ = {isa = PBXBuildFile; fileRef = 7D9857FC1D405B0000E0C507 /* icon-cat-reload@2x.png */; };
		7DB744B81D35CFD4004C534C /* BaseSqlite.m in Sources */ = {isa = PBXBuildFile; fileRef = 7DB744B71D35CFD4004C534C /* BaseSqlite.m */; };
		7DB744BB1D35CFE7004C534C /* SqliteHelper.m in Sources */ = {isa = PBXBuildFile; fileRef = 7DB744BA1D35CFE7004C534C /* SqliteHelper.m */; };
		7DB744BD1D35D27C004C534C /* libsqlite3.tbd in Frameworks */ = {isa = PBXBuildFile; fileRef = 7DB744BC1D35D27C004C534C /* libsqlite3.tbd */; };
		7DE3F9091D3DBD4C0038D2C0 /* ZCMeHomeViewController.m in Sources */ = {isa = PBXBuildFile; fileRef = 7DE3F9081D3DBD4C0038D2C0 /* ZCMeHomeViewController.m */; };
		7DE7DC6E1D41C4EE00935DB4 /* ZCMessageHelper.m in Sources */ = {isa = PBXBuildFile; fileRef = 7DE7DC6D1D41C4EE00935DB4 /* ZCMessageHelper.m */; };
		7DE7E6991D373B9500127B17 /* ProvingLoginStatus.m in Sources */ = {isa = PBXBuildFile; fileRef = 7DE7E6981D373B9500127B17 /* ProvingLoginStatus.m */; };
		7DE7E69D1D37812100127B17 /* backgroundImage.png in Resources */ = {isa = PBXBuildFile; fileRef = 7DE7E69C1D37812100127B17 /* backgroundImage.png */; };
		7DE80C311D3F0F1F00D4171C /* tools.png in Resources */ = {isa = PBXBuildFile; fileRef = 7DE80C301D3F0F1F00D4171C /* tools.png */; };
		7DE80C341D3F2A6B00D4171C /* ZCTopTableViewCell.m in Sources */ = {isa = PBXBuildFile; fileRef = 7DE80C331D3F2A6B00D4171C /* ZCTopTableViewCell.m */; };
		7DE80C361D3F604A00D4171C /* MeButtons.png in Resources */ = {isa = PBXBuildFile; fileRef = 7DE80C351D3F604A00D4171C /* MeButtons.png */; };
		7DE80C381D3F7E2700D4171C /* NOMessage.png in Resources */ = {isa = PBXBuildFile; fileRef = 7DE80C371D3F7E2700D4171C /* NOMessage.png */; };
		7DE80C3B1D3F7E3800D4171C /* ZCNoMessageTableViewCell.m in Sources */ = {isa = PBXBuildFile; fileRef = 7DE80C3A1D3F7E3800D4171C /* ZCNoMessageTableViewCell.m */; };
		7DF2577A1D36657B0022FC37 /* ZCLoginViewController.m in Sources */ = {isa = PBXBuildFile; fileRef = 7DF257791D36657B0022FC37 /* ZCLoginViewController.m */; };
		7DF2577D1D3665870022FC37 /* CZRegisterViewController.m in Sources */ = {isa = PBXBuildFile; fileRef = 7DF2577C1D3665870022FC37 /* CZRegisterViewController.m */; };
		C2196CB41D42230B008EDF56 /* InviteViewController.m in Sources */ = {isa = PBXBuildFile; fileRef = C2196CB31D42230B008EDF56 /* InviteViewController.m */; };
		C2196CB61D42257D008EDF56 /* 6.jpg in Resources */ = {isa = PBXBuildFile; fileRef = C2196CB51D42257D008EDF56 /* 6.jpg */; };
		C2196CB81D4241F4008EDF56 /* 樱花瓣2.png in Resources */ = {isa = PBXBuildFile; fileRef = C2196CB71D4241F4008EDF56 /* 樱花瓣2.png */; };
		C25598231D387B1100A7ADED /* 10.jpg in Resources */ = {isa = PBXBuildFile; fileRef = C25598221D387B1100A7ADED /* 10.jpg */; };
		C25598261D3883FF00A7ADED /* LoverTableViewCell.m in Sources */ = {isa = PBXBuildFile; fileRef = C25598251D3883FF00A7ADED /* LoverTableViewCell.m */; };
		C25598281D38903100A7ADED /* 11.jpg in Resources */ = {isa = PBXBuildFile; fileRef = C25598271D38903100A7ADED /* 11.jpg */; };
		C255982A1D38903400A7ADED /* 12.jpg in Resources */ = {isa = PBXBuildFile; fileRef = C25598291D38903400A7ADED /* 12.jpg */; };
		C255982C1D38904300A7ADED /* 14.jpg in Resources */ = {isa = PBXBuildFile; fileRef = C255982B1D38904300A7ADED /* 14.jpg */; };
		C255982E1D3890A200A7ADED /* 13.jpg in Resources */ = {isa = PBXBuildFile; fileRef = C255982D1D3890A200A7ADED /* 13.jpg */; };
		C25598311D3895C000A7ADED /* LoverZoneHeaderTableViewCell.m in Sources */ = {isa = PBXBuildFile; fileRef = C25598301D3895C000A7ADED /* LoverZoneHeaderTableViewCell.m */; };
		C25598341D389EE100A7ADED /* ChatTableViewCell.m in Sources */ = {isa = PBXBuildFile; fileRef = C25598331D389EE100A7ADED /* ChatTableViewCell.m */; };
		C25598371D389F0700A7ADED /* MapTableViewCell.m in Sources */ = {isa = PBXBuildFile; fileRef = C25598361D389F0700A7ADED /* MapTableViewCell.m */; };
		C255983A1D389F1E00A7ADED /* MemorailTableViewCell.m in Sources */ = {isa = PBXBuildFile; fileRef = C25598391D389F1E00A7ADED /* MemorailTableViewCell.m */; };
		C25598481D38BF0100A7ADED /* AddLoverViewController.m in Sources */ = {isa = PBXBuildFile; fileRef = C25598471D38BF0100A7ADED /* AddLoverViewController.m */; };
		C25598501D38CCDD00A7ADED /* eye.png in Resources */ = {isa = PBXBuildFile; fileRef = C255984F1D38CCDD00A7ADED /* eye.png */; };
		C25598551D3912D000A7ADED /* AddChatTableViewCell.m in Sources */ = {isa = PBXBuildFile; fileRef = C25598541D3912D000A7ADED /* AddChatTableViewCell.m */; };
		C25598581D391E9C00A7ADED /* MessageObj.m in Sources */ = {isa = PBXBuildFile; fileRef = C25598571D391E9C00A7ADED /* MessageObj.m */; };
		C255985A1D39220300A7ADED /* bubbleSelf.png in Resources */ = {isa = PBXBuildFile; fileRef = C25598591D39220300A7ADED /* bubbleSelf.png */; };
		C255985C1D39220700A7ADED /* bubble.png in Resources */ = {isa = PBXBuildFile; fileRef = C255985B1D39220700A7ADED /* bubble.png */; };
		C25EC1401D49F7D20052CF38 /* AddViewController.m in Sources */ = {isa = PBXBuildFile; fileRef = C25EC13F1D49F7D20052CF38 /* AddViewController.m */; };
		C273E37B1D3DFC9400136884 /* emoji.png in Resources */ = {isa = PBXBuildFile; fileRef = C273E37A1D3DFC9400136884 /* emoji.png */; };
		C273E37D1D3DFC9800136884 /* void.png in Resources */ = {isa = PBXBuildFile; fileRef = C273E37C1D3DFC9800136884 /* void.png */; };
		C273E37F1D3DFC9C00136884 /* pluce.png in Resources */ = {isa = PBXBuildFile; fileRef = C273E37E1D3DFC9C00136884 /* pluce.png */; };
		C273E3811D3E086500136884 /* chat.png in Resources */ = {isa = PBXBuildFile; fileRef = C273E3801D3E086500136884 /* chat.png */; };
		C273E3831D3E087000136884 /* memorail.png in Resources */ = {isa = PBXBuildFile; fileRef = C273E3821D3E087000136884 /* memorail.png */; };
		C273E3851D3E087600136884 /* map.png in Resources */ = {isa = PBXBuildFile; fileRef = C273E3841D3E087600136884 /* map.png */; };
		C2939C951D378B3400817651 /* FriendListTableViewCell.m in Sources */ = {isa = PBXBuildFile; fileRef = C2939C941D378B3400817651 /* FriendListTableViewCell.m */; };
		C293EB621D363DAA00A59101 /* LoverHomePageViewController.m in Sources */ = {isa = PBXBuildFile; fileRef = C293EB571D363DAA00A59101 /* LoverHomePageViewController.m */; };
		C293EB641D363DAA00A59101 /* ChatViewController.m in Sources */ = {isa = PBXBuildFile; fileRef = C293EB5B1D363DAA00A59101 /* ChatViewController.m */; };
		C293EB651D363DAA00A59101 /* MapViewController.m in Sources */ = {isa = PBXBuildFile; fileRef = C293EB5D1D363DAA00A59101 /* MapViewController.m */; };
		C293EB661D363DAA00A59101 /* MemorailDayViewController.m in Sources */ = {isa = PBXBuildFile; fileRef = C293EB5F1D363DAA00A59101 /* MemorailDayViewController.m */; };
		C293EB6B1D363DB200A59101 /* 1.jpg in Resources */ = {isa = PBXBuildFile; fileRef = C293EB681D363DB200A59101 /* 1.jpg */; };
		C293EB721D36441300A59101 /* MemorailDayTableViewCell.m in Sources */ = {isa = PBXBuildFile; fileRef = C293EB711D36441300A59101 /* MemorailDayTableViewCell.m */; };
		C293EB751D365A6B00A59101 /* AddMemorailViewController.m in Sources */ = {isa = PBXBuildFile; fileRef = C293EB741D365A6B00A59101 /* AddMemorailViewController.m */; };
		C293EB771D366EDE00A59101 /* MapKit.framework in Frameworks */ = {isa = PBXBuildFile; fileRef = C293EB761D366EDE00A59101 /* MapKit.framework */; };
		C293EB791D366F0200A59101 /* CoreLocation.framework in Frameworks */ = {isa = PBXBuildFile; fileRef = C293EB781D366F0200A59101 /* CoreLocation.framework */; };
		D604B2E91D431EBA008522BA /* GoodsRequest.m in Sources */ = {isa = PBXBuildFile; fileRef = D604B2E81D431EBA008522BA /* GoodsRequest.m */; };
		D604B2EF1D431EC7008522BA /* 9.jpg in Resources */ = {isa = PBXBuildFile; fileRef = D604B2EA1D431EC7008522BA /* 9.jpg */; };
		D604B2F01D431EC7008522BA /* GoodsModel.m in Sources */ = {isa = PBXBuildFile; fileRef = D604B2EC1D431EC7008522BA /* GoodsModel.m */; };
		D604B2F11D431EC7008522BA /* ShopModel.m in Sources */ = {isa = PBXBuildFile; fileRef = D604B2EE1D431EC7008522BA /* ShopModel.m */; };
		D604B2F81D431EDB008522BA /* MainTableViewCell.m in Sources */ = {isa = PBXBuildFile; fileRef = D604B2F31D431EDB008522BA /* MainTableViewCell.m */; };
		D604B2F91D431EDB008522BA /* CXCarouselView.m in Sources */ = {isa = PBXBuildFile; fileRef = D604B2F51D431EDB008522BA /* CXCarouselView.m */; };
		D604B2FA1D431EDB008522BA /* ShopTableViewCell.m in Sources */ = {isa = PBXBuildFile; fileRef = D604B2F71D431EDB008522BA /* ShopTableViewCell.m */; };
		D604B3011D431EEA008522BA /* GoodsViewController.m in Sources */ = {isa = PBXBuildFile; fileRef = D604B2FC1D431EEA008522BA /* GoodsViewController.m */; };
		D604B3021D431EEA008522BA /* ShopingViewController.m in Sources */ = {isa = PBXBuildFile; fileRef = D604B2FE1D431EEA008522BA /* ShopingViewController.m */; };
		D604B3031D431EEA008522BA /* WebViewController.m in Sources */ = {isa = PBXBuildFile; fileRef = D604B3001D431EEA008522BA /* WebViewController.m */; };
/* End PBXBuildFile section */

/* Begin PBXFileReference section */
		649348D8C8F9355D9E347586 /* libPods-ZCProject0.1.a */ = {isa = PBXFileReference; explicitFileType = archive.ar; includeInIndex = 0; path = "libPods-ZCProject0.1.a"; sourceTree = BUILT_PRODUCTS_DIR; };
		7D415C2D1D34D2A7004E5E22 /* ZCProject0.1.app */ = {isa = PBXFileReference; explicitFileType = wrapper.application; includeInIndex = 0; path = ZCProject0.1.app; sourceTree = BUILT_PRODUCTS_DIR; };
		7D415C311D34D2A7004E5E22 /* main.m */ = {isa = PBXFileReference; lastKnownFileType = sourcecode.c.objc; path = main.m; sourceTree = "<group>"; };
		7D415C331D34D2A7004E5E22 /* AppDelegate.h */ = {isa = PBXFileReference; lastKnownFileType = sourcecode.c.h; path = AppDelegate.h; sourceTree = "<group>"; };
		7D415C341D34D2A7004E5E22 /* AppDelegate.m */ = {isa = PBXFileReference; lastKnownFileType = sourcecode.c.objc; path = AppDelegate.m; sourceTree = "<group>"; };
		7D415C3C1D34D2A7004E5E22 /* Assets.xcassets */ = {isa = PBXFileReference; lastKnownFileType = folder.assetcatalog; path = Assets.xcassets; sourceTree = "<group>"; };
		7D415C3F1D34D2A7004E5E22 /* Base */ = {isa = PBXFileReference; lastKnownFileType = file.storyboard; name = Base; path = Base.lproj/LaunchScreen.storyboard; sourceTree = "<group>"; };
		7D415C411D34D2A7004E5E22 /* Info.plist */ = {isa = PBXFileReference; lastKnownFileType = text.plist.xml; path = Info.plist; sourceTree = "<group>"; };
		7D415C7B1D34F516004E5E22 /* BaseViewController.h */ = {isa = PBXFileReference; fileEncoding = 4; lastKnownFileType = sourcecode.c.h; path = BaseViewController.h; sourceTree = "<group>"; };
		7D415C7C1D34F516004E5E22 /* BaseViewController.m */ = {isa = PBXFileReference; fileEncoding = 4; lastKnownFileType = sourcecode.c.objc; path = BaseViewController.m; sourceTree = "<group>"; };
		7D415C7F1D34F529004E5E22 /* BaseView.h */ = {isa = PBXFileReference; fileEncoding = 4; lastKnownFileType = sourcecode.c.h; path = BaseView.h; sourceTree = "<group>"; };
		7D415C801D34F529004E5E22 /* BaseView.m */ = {isa = PBXFileReference; fileEncoding = 4; lastKnownFileType = sourcecode.c.objc; path = BaseView.m; sourceTree = "<group>"; };
		7D415C821D34F53A004E5E22 /* BaseModel.h */ = {isa = PBXFileReference; fileEncoding = 4; lastKnownFileType = sourcecode.c.h; path = BaseModel.h; sourceTree = "<group>"; };
		7D415C831D34F53A004E5E22 /* BaseModel.m */ = {isa = PBXFileReference; fileEncoding = 4; lastKnownFileType = sourcecode.c.objc; path = BaseModel.m; sourceTree = "<group>"; };
		7D415C851D34F55B004E5E22 /* BaseRequest.h */ = {isa = PBXFileReference; fileEncoding = 4; lastKnownFileType = sourcecode.c.h; path = BaseRequest.h; sourceTree = "<group>"; };
		7D415C861D34F55B004E5E22 /* BaseRequest.m */ = {isa = PBXFileReference; fileEncoding = 4; lastKnownFileType = sourcecode.c.objc; path = BaseRequest.m; sourceTree = "<group>"; };
		7D415C881D34F612004E5E22 /* ZCTabBar.h */ = {isa = PBXFileReference; fileEncoding = 4; lastKnownFileType = sourcecode.c.h; path = ZCTabBar.h; sourceTree = "<group>"; };
		7D415C891D34F612004E5E22 /* ZCTabBar.m */ = {isa = PBXFileReference; fileEncoding = 4; lastKnownFileType = sourcecode.c.objc; path = ZCTabBar.m; sourceTree = "<group>"; };
		7D415C8B1D34F81E004E5E22 /* RootViewController.h */ = {isa = PBXFileReference; fileEncoding = 4; lastKnownFileType = sourcecode.c.h; path = RootViewController.h; sourceTree = "<group>"; };
		7D415C8C1D34F81E004E5E22 /* RootViewController.m */ = {isa = PBXFileReference; fileEncoding = 4; lastKnownFileType = sourcecode.c.objc; path = RootViewController.m; sourceTree = "<group>"; };
		7D415C8E1D350E97004E5E22 /* PrefixHeader.pch */ = {isa = PBXFileReference; fileEncoding = 4; lastKnownFileType = sourcecode.c.h; path = PrefixHeader.pch; sourceTree = "<group>"; };
		7D415C8F1D350EC7004E5E22 /* RequestUrl.h */ = {isa = PBXFileReference; fileEncoding = 4; lastKnownFileType = sourcecode.c.h; path = RequestUrl.h; sourceTree = "<group>"; };
		7D415C901D350EC7004E5E22 /* CommonString.h */ = {isa = PBXFileReference; fileEncoding = 4; lastKnownFileType = sourcecode.c.h; path = CommonString.h; sourceTree = "<group>"; };
		7D415C941D35123B004E5E22 /* CZRequestHelper.h */ = {isa = PBXFileReference; fileEncoding = 4; lastKnownFileType = sourcecode.c.h; path = CZRequestHelper.h; sourceTree = "<group>"; };
		7D415C951D35123B004E5E22 /* CZRequestHelper.m */ = {isa = PBXFileReference; fileEncoding = 4; lastKnownFileType = sourcecode.c.objc; path = CZRequestHelper.m; sourceTree = "<group>"; };
		7D84385D1D3C7A7200AF2875 /* angle-mask@3x.png */ = {isa = PBXFileReference; lastKnownFileType = image.png; path = "angle-mask@3x.png"; sourceTree = "<group>"; };
		7D84385E1D3C7A7200AF2875 /* GCLoadingView.h */ = {isa = PBXFileReference; fileEncoding = 4; lastKnownFileType = sourcecode.c.h; path = GCLoadingView.h; sourceTree = "<group>"; };
		7D84385F1D3C7A7200AF2875 /* GCLoadingView.m */ = {isa = PBXFileReference; fileEncoding = 4; lastKnownFileType = sourcecode.c.objc; path = GCLoadingView.m; sourceTree = "<group>"; };
		7D8438601D3C7A7200AF2875 /* NSString+Size.h */ = {isa = PBXFileReference; fileEncoding = 4; lastKnownFileType = sourcecode.c.h; path = "NSString+Size.h"; sourceTree = "<group>"; };
		7D8438611D3C7A7200AF2875 /* NSString+Size.m */ = {isa = PBXFileReference; fileEncoding = 4; lastKnownFileType = sourcecode.c.objc; path = "NSString+Size.m"; sourceTree = "<group>"; };
		7D8438621D3C7A7200AF2875 /* STError@2x.png */ = {isa = PBXFileReference; lastKnownFileType = image.png; path = "STError@2x.png"; sourceTree = "<group>"; };
		7D8438631D3C7A7200AF2875 /* STSuccess@2x.png */ = {isa = PBXFileReference; lastKnownFileType = image.png; path = "STSuccess@2x.png"; sourceTree = "<group>"; };
		7D8438641D3C7A7200AF2875 /* STTextHud.h */ = {isa = PBXFileReference; fileEncoding = 4; lastKnownFileType = sourcecode.c.h; path = STTextHud.h; sourceTree = "<group>"; };
		7D8438651D3C7A7200AF2875 /* STTextHud.m */ = {isa = PBXFileReference; fileEncoding = 4; lastKnownFileType = sourcecode.c.objc; path = STTextHud.m; sourceTree = "<group>"; };
		7D8438661D3C7A7200AF2875 /* STTextHud.xib */ = {isa = PBXFileReference; fileEncoding = 4; lastKnownFileType = file.xib; path = STTextHud.xib; sourceTree = "<group>"; };
		7D8438671D3C7A7200AF2875 /* STTextHudTool.h */ = {isa = PBXFileReference; fileEncoding = 4; lastKnownFileType = sourcecode.c.h; path = STTextHudTool.h; sourceTree = "<group>"; };
		7D8438681D3C7A7200AF2875 /* STTextHudTool.m */ = {isa = PBXFileReference; fileEncoding = 4; lastKnownFileType = sourcecode.c.objc; path = STTextHudTool.m; sourceTree = "<group>"; };
		7D8438711D3CB91700AF2875 /* ZCMemorialDayManager.h */ = {isa = PBXFileReference; fileEncoding = 4; lastKnownFileType = sourcecode.c.h; path = ZCMemorialDayManager.h; sourceTree = "<group>"; };
		7D8438721D3CB91700AF2875 /* ZCMemorialDayManager.m */ = {isa = PBXFileReference; fileEncoding = 4; lastKnownFileType = sourcecode.c.objc; path = ZCMemorialDayManager.m; sourceTree = "<group>"; };
		7D8438741D3CCD5F00AF2875 /* ZCMemorialDayModel.h */ = {isa = PBXFileReference; fileEncoding = 4; lastKnownFileType = sourcecode.c.h; path = ZCMemorialDayModel.h; sourceTree = "<group>"; };
		7D8438751D3CCD5F00AF2875 /* ZCMemorialDayModel.m */ = {isa = PBXFileReference; fileEncoding = 4; lastKnownFileType = sourcecode.c.objc; path = ZCMemorialDayModel.m; sourceTree = "<group>"; };
		7D93DCC81D388B3F00F5542A /* ZCLoginHelper.h */ = {isa = PBXFileReference; fileEncoding = 4; lastKnownFileType = sourcecode.c.h; path = ZCLoginHelper.h; sourceTree = "<group>"; };
		7D93DCC91D388B3F00F5542A /* ZCLoginHelper.m */ = {isa = PBXFileReference; fileEncoding = 4; lastKnownFileType = sourcecode.c.objc; path = ZCLoginHelper.m; sourceTree = "<group>"; };
		7D9857FC1D405B0000E0C507 /* icon-cat-reload@2x.png */ = {isa = PBXFileReference; lastKnownFileType = image.png; path = "icon-cat-reload@2x.png"; sourceTree = "<group>"; };
		7DB744B61D35CFD4004C534C /* BaseSqlite.h */ = {isa = PBXFileReference; fileEncoding = 4; lastKnownFileType = sourcecode.c.h; path = BaseSqlite.h; sourceTree = "<group>"; };
		7DB744B71D35CFD4004C534C /* BaseSqlite.m */ = {isa = PBXFileReference; fileEncoding = 4; lastKnownFileType = sourcecode.c.objc; path = BaseSqlite.m; sourceTree = "<group>"; };
		7DB744B91D35CFE7004C534C /* SqliteHelper.h */ = {isa = PBXFileReference; fileEncoding = 4; lastKnownFileType = sourcecode.c.h; path = SqliteHelper.h; sourceTree = "<group>"; };
		7DB744BA1D35CFE7004C534C /* SqliteHelper.m */ = {isa = PBXFileReference; fileEncoding = 4; lastKnownFileType = sourcecode.c.objc; path = SqliteHelper.m; sourceTree = "<group>"; };
		7DB744BC1D35D27C004C534C /* libsqlite3.tbd */ = {isa = PBXFileReference; lastKnownFileType = "sourcecode.text-based-dylib-definition"; name = libsqlite3.tbd; path = usr/lib/libsqlite3.tbd; sourceTree = SDKROOT; };
		7DE3F9071D3DBD4C0038D2C0 /* ZCMeHomeViewController.h */ = {isa = PBXFileReference; fileEncoding = 4; lastKnownFileType = sourcecode.c.h; path = ZCMeHomeViewController.h; sourceTree = "<group>"; };
		7DE3F9081D3DBD4C0038D2C0 /* ZCMeHomeViewController.m */ = {isa = PBXFileReference; fileEncoding = 4; lastKnownFileType = sourcecode.c.objc; path = ZCMeHomeViewController.m; sourceTree = "<group>"; };
		7DE7DC6C1D41C4EE00935DB4 /* ZCMessageHelper.h */ = {isa = PBXFileReference; fileEncoding = 4; lastKnownFileType = sourcecode.c.h; path = ZCMessageHelper.h; sourceTree = "<group>"; };
		7DE7DC6D1D41C4EE00935DB4 /* ZCMessageHelper.m */ = {isa = PBXFileReference; fileEncoding = 4; lastKnownFileType = sourcecode.c.objc; path = ZCMessageHelper.m; sourceTree = "<group>"; };
		7DE7E6971D373B9500127B17 /* ProvingLoginStatus.h */ = {isa = PBXFileReference; fileEncoding = 4; lastKnownFileType = sourcecode.c.h; path = ProvingLoginStatus.h; sourceTree = "<group>"; };
		7DE7E6981D373B9500127B17 /* ProvingLoginStatus.m */ = {isa = PBXFileReference; fileEncoding = 4; lastKnownFileType = sourcecode.c.objc; path = ProvingLoginStatus.m; sourceTree = "<group>"; };
		7DE7E69C1D37812100127B17 /* backgroundImage.png */ = {isa = PBXFileReference; lastKnownFileType = image.png; path = backgroundImage.png; sourceTree = "<group>"; };
		7DE80C301D3F0F1F00D4171C /* tools.png */ = {isa = PBXFileReference; lastKnownFileType = image.png; path = tools.png; sourceTree = "<group>"; };
		7DE80C321D3F2A6B00D4171C /* ZCTopTableViewCell.h */ = {isa = PBXFileReference; fileEncoding = 4; lastKnownFileType = sourcecode.c.h; path = ZCTopTableViewCell.h; sourceTree = "<group>"; };
		7DE80C331D3F2A6B00D4171C /* ZCTopTableViewCell.m */ = {isa = PBXFileReference; fileEncoding = 4; lastKnownFileType = sourcecode.c.objc; path = ZCTopTableViewCell.m; sourceTree = "<group>"; };
		7DE80C351D3F604A00D4171C /* MeButtons.png */ = {isa = PBXFileReference; lastKnownFileType = image.png; path = MeButtons.png; sourceTree = "<group>"; };
		7DE80C371D3F7E2700D4171C /* NOMessage.png */ = {isa = PBXFileReference; lastKnownFileType = image.png; path = NOMessage.png; sourceTree = "<group>"; };
		7DE80C391D3F7E3800D4171C /* ZCNoMessageTableViewCell.h */ = {isa = PBXFileReference; fileEncoding = 4; lastKnownFileType = sourcecode.c.h; path = ZCNoMessageTableViewCell.h; sourceTree = "<group>"; };
		7DE80C3A1D3F7E3800D4171C /* ZCNoMessageTableViewCell.m */ = {isa = PBXFileReference; fileEncoding = 4; lastKnownFileType = sourcecode.c.objc; path = ZCNoMessageTableViewCell.m; sourceTree = "<group>"; };
		7DF257781D36657B0022FC37 /* ZCLoginViewController.h */ = {isa = PBXFileReference; fileEncoding = 4; lastKnownFileType = sourcecode.c.h; path = ZCLoginViewController.h; sourceTree = "<group>"; };
		7DF257791D36657B0022FC37 /* ZCLoginViewController.m */ = {isa = PBXFileReference; fileEncoding = 4; lastKnownFileType = sourcecode.c.objc; path = ZCLoginViewController.m; sourceTree = "<group>"; };
		7DF2577B1D3665870022FC37 /* CZRegisterViewController.h */ = {isa = PBXFileReference; fileEncoding = 4; lastKnownFileType = sourcecode.c.h; path = CZRegisterViewController.h; sourceTree = "<group>"; };
		7DF2577C1D3665870022FC37 /* CZRegisterViewController.m */ = {isa = PBXFileReference; fileEncoding = 4; lastKnownFileType = sourcecode.c.objc; path = CZRegisterViewController.m; sourceTree = "<group>"; };
		A0474E7ABB2ABC50A760EBC0 /* Pods-ZCProject0.1.release.xcconfig */ = {isa = PBXFileReference; includeInIndex = 1; lastKnownFileType = text.xcconfig; name = "Pods-ZCProject0.1.release.xcconfig"; path = "Pods/Target Support Files/Pods-ZCProject0.1/Pods-ZCProject0.1.release.xcconfig"; sourceTree = "<group>"; };
		C2196CB21D42230B008EDF56 /* InviteViewController.h */ = {isa = PBXFileReference; fileEncoding = 4; lastKnownFileType = sourcecode.c.h; path = InviteViewController.h; sourceTree = "<group>"; };
		C2196CB31D42230B008EDF56 /* InviteViewController.m */ = {isa = PBXFileReference; fileEncoding = 4; lastKnownFileType = sourcecode.c.objc; path = InviteViewController.m; sourceTree = "<group>"; };
		C2196CB51D42257D008EDF56 /* 6.jpg */ = {isa = PBXFileReference; lastKnownFileType = image.jpeg; path = 6.jpg; sourceTree = "<group>"; };
		C2196CB71D4241F4008EDF56 /* 樱花瓣2.png */ = {isa = PBXFileReference; lastKnownFileType = image.png; path = "樱花瓣2.png"; sourceTree = "<group>"; };
		C25598221D387B1100A7ADED /* 10.jpg */ = {isa = PBXFileReference; lastKnownFileType = image.jpeg; path = 10.jpg; sourceTree = "<group>"; };
		C25598241D3883FF00A7ADED /* LoverTableViewCell.h */ = {isa = PBXFileReference; fileEncoding = 4; lastKnownFileType = sourcecode.c.h; path = LoverTableViewCell.h; sourceTree = "<group>"; };
		C25598251D3883FF00A7ADED /* LoverTableViewCell.m */ = {isa = PBXFileReference; fileEncoding = 4; lastKnownFileType = sourcecode.c.objc; path = LoverTableViewCell.m; sourceTree = "<group>"; };
		C25598271D38903100A7ADED /* 11.jpg */ = {isa = PBXFileReference; lastKnownFileType = image.jpeg; path = 11.jpg; sourceTree = "<group>"; };
		C25598291D38903400A7ADED /* 12.jpg */ = {isa = PBXFileReference; lastKnownFileType = image.jpeg; path = 12.jpg; sourceTree = "<group>"; };
		C255982B1D38904300A7ADED /* 14.jpg */ = {isa = PBXFileReference; lastKnownFileType = image.jpeg; path = 14.jpg; sourceTree = "<group>"; };
		C255982D1D3890A200A7ADED /* 13.jpg */ = {isa = PBXFileReference; lastKnownFileType = image.jpeg; path = 13.jpg; sourceTree = "<group>"; };
		C255982F1D3895C000A7ADED /* LoverZoneHeaderTableViewCell.h */ = {isa = PBXFileReference; fileEncoding = 4; lastKnownFileType = sourcecode.c.h; path = LoverZoneHeaderTableViewCell.h; sourceTree = "<group>"; };
		C25598301D3895C000A7ADED /* LoverZoneHeaderTableViewCell.m */ = {isa = PBXFileReference; fileEncoding = 4; lastKnownFileType = sourcecode.c.objc; path = LoverZoneHeaderTableViewCell.m; sourceTree = "<group>"; };
		C25598321D389EE100A7ADED /* ChatTableViewCell.h */ = {isa = PBXFileReference; fileEncoding = 4; lastKnownFileType = sourcecode.c.h; path = ChatTableViewCell.h; sourceTree = "<group>"; };
		C25598331D389EE100A7ADED /* ChatTableViewCell.m */ = {isa = PBXFileReference; fileEncoding = 4; lastKnownFileType = sourcecode.c.objc; path = ChatTableViewCell.m; sourceTree = "<group>"; };
		C25598351D389F0700A7ADED /* MapTableViewCell.h */ = {isa = PBXFileReference; fileEncoding = 4; lastKnownFileType = sourcecode.c.h; path = MapTableViewCell.h; sourceTree = "<group>"; };
		C25598361D389F0700A7ADED /* MapTableViewCell.m */ = {isa = PBXFileReference; fileEncoding = 4; lastKnownFileType = sourcecode.c.objc; path = MapTableViewCell.m; sourceTree = "<group>"; };
		C25598381D389F1E00A7ADED /* MemorailTableViewCell.h */ = {isa = PBXFileReference; fileEncoding = 4; lastKnownFileType = sourcecode.c.h; path = MemorailTableViewCell.h; sourceTree = "<group>"; };
		C25598391D389F1E00A7ADED /* MemorailTableViewCell.m */ = {isa = PBXFileReference; fileEncoding = 4; lastKnownFileType = sourcecode.c.objc; path = MemorailTableViewCell.m; sourceTree = "<group>"; };
		C25598471D38BF0100A7ADED /* AddLoverViewController.m */ = {isa = PBXFileReference; fileEncoding = 4; lastKnownFileType = sourcecode.c.objc; path = AddLoverViewController.m; sourceTree = "<group>"; };
		C255984F1D38CCDD00A7ADED /* eye.png */ = {isa = PBXFileReference; lastKnownFileType = image.png; path = eye.png; sourceTree = "<group>"; };
		C25598531D3912D000A7ADED /* AddChatTableViewCell.h */ = {isa = PBXFileReference; fileEncoding = 4; lastKnownFileType = sourcecode.c.h; path = AddChatTableViewCell.h; sourceTree = "<group>"; };
		C25598541D3912D000A7ADED /* AddChatTableViewCell.m */ = {isa = PBXFileReference; fileEncoding = 4; lastKnownFileType = sourcecode.c.objc; path = AddChatTableViewCell.m; sourceTree = "<group>"; };
		C25598561D391E9C00A7ADED /* MessageObj.h */ = {isa = PBXFileReference; fileEncoding = 4; lastKnownFileType = sourcecode.c.h; path = MessageObj.h; sourceTree = "<group>"; };
		C25598571D391E9C00A7ADED /* MessageObj.m */ = {isa = PBXFileReference; fileEncoding = 4; lastKnownFileType = sourcecode.c.objc; path = MessageObj.m; sourceTree = "<group>"; };
		C25598591D39220300A7ADED /* bubbleSelf.png */ = {isa = PBXFileReference; lastKnownFileType = image.png; path = bubbleSelf.png; sourceTree = "<group>"; };
		C255985B1D39220700A7ADED /* bubble.png */ = {isa = PBXFileReference; lastKnownFileType = image.png; path = bubble.png; sourceTree = "<group>"; };
		C25EC13E1D49F7D20052CF38 /* AddViewController.h */ = {isa = PBXFileReference; fileEncoding = 4; lastKnownFileType = sourcecode.c.h; path = AddViewController.h; sourceTree = "<group>"; };
		C25EC13F1D49F7D20052CF38 /* AddViewController.m */ = {isa = PBXFileReference; fileEncoding = 4; lastKnownFileType = sourcecode.c.objc; path = AddViewController.m; sourceTree = "<group>"; };
		C273E37A1D3DFC9400136884 /* emoji.png */ = {isa = PBXFileReference; lastKnownFileType = image.png; path = emoji.png; sourceTree = "<group>"; };
		C273E37C1D3DFC9800136884 /* void.png */ = {isa = PBXFileReference; lastKnownFileType = image.png; path = void.png; sourceTree = "<group>"; };
		C273E37E1D3DFC9C00136884 /* pluce.png */ = {isa = PBXFileReference; lastKnownFileType = image.png; path = pluce.png; sourceTree = "<group>"; };
		C273E3801D3E086500136884 /* chat.png */ = {isa = PBXFileReference; lastKnownFileType = image.png; path = chat.png; sourceTree = "<group>"; };
		C273E3821D3E087000136884 /* memorail.png */ = {isa = PBXFileReference; lastKnownFileType = image.png; path = memorail.png; sourceTree = "<group>"; };
		C273E3841D3E087600136884 /* map.png */ = {isa = PBXFileReference; lastKnownFileType = image.png; path = map.png; sourceTree = "<group>"; };
		C2939C931D378B3400817651 /* FriendListTableViewCell.h */ = {isa = PBXFileReference; fileEncoding = 4; lastKnownFileType = sourcecode.c.h; path = FriendListTableViewCell.h; sourceTree = "<group>"; };
		C2939C941D378B3400817651 /* FriendListTableViewCell.m */ = {isa = PBXFileReference; fileEncoding = 4; lastKnownFileType = sourcecode.c.objc; path = FriendListTableViewCell.m; sourceTree = "<group>"; };
		C293EB561D363DAA00A59101 /* LoverHomePageViewController.h */ = {isa = PBXFileReference; fileEncoding = 4; lastKnownFileType = sourcecode.c.h; path = LoverHomePageViewController.h; sourceTree = "<group>"; };
		C293EB571D363DAA00A59101 /* LoverHomePageViewController.m */ = {isa = PBXFileReference; fileEncoding = 4; lastKnownFileType = sourcecode.c.objc; path = LoverHomePageViewController.m; sourceTree = "<group>"; };
		C293EB581D363DAA00A59101 /* AddLoverViewController.h */ = {isa = PBXFileReference; fileEncoding = 4; lastKnownFileType = sourcecode.c.h; path = AddLoverViewController.h; sourceTree = "<group>"; };
		C293EB5A1D363DAA00A59101 /* ChatViewController.h */ = {isa = PBXFileReference; fileEncoding = 4; lastKnownFileType = sourcecode.c.h; path = ChatViewController.h; sourceTree = "<group>"; };
		C293EB5B1D363DAA00A59101 /* ChatViewController.m */ = {isa = PBXFileReference; fileEncoding = 4; lastKnownFileType = sourcecode.c.objc; path = ChatViewController.m; sourceTree = "<group>"; };
		C293EB5C1D363DAA00A59101 /* MapViewController.h */ = {isa = PBXFileReference; fileEncoding = 4; lastKnownFileType = sourcecode.c.h; path = MapViewController.h; sourceTree = "<group>"; };
		C293EB5D1D363DAA00A59101 /* MapViewController.m */ = {isa = PBXFileReference; fileEncoding = 4; lastKnownFileType = sourcecode.c.objc; path = MapViewController.m; sourceTree = "<group>"; };
		C293EB5E1D363DAA00A59101 /* MemorailDayViewController.h */ = {isa = PBXFileReference; fileEncoding = 4; lastKnownFileType = sourcecode.c.h; path = MemorailDayViewController.h; sourceTree = "<group>"; };
		C293EB5F1D363DAA00A59101 /* MemorailDayViewController.m */ = {isa = PBXFileReference; fileEncoding = 4; lastKnownFileType = sourcecode.c.objc; path = MemorailDayViewController.m; sourceTree = "<group>"; };
		C293EB681D363DB200A59101 /* 1.jpg */ = {isa = PBXFileReference; lastKnownFileType = image.jpeg; path = 1.jpg; sourceTree = "<group>"; };
		C293EB701D36441300A59101 /* MemorailDayTableViewCell.h */ = {isa = PBXFileReference; fileEncoding = 4; lastKnownFileType = sourcecode.c.h; path = MemorailDayTableViewCell.h; sourceTree = "<group>"; };
		C293EB711D36441300A59101 /* MemorailDayTableViewCell.m */ = {isa = PBXFileReference; fileEncoding = 4; lastKnownFileType = sourcecode.c.objc; path = MemorailDayTableViewCell.m; sourceTree = "<group>"; };
		C293EB731D365A6B00A59101 /* AddMemorailViewController.h */ = {isa = PBXFileReference; fileEncoding = 4; lastKnownFileType = sourcecode.c.h; path = AddMemorailViewController.h; sourceTree = "<group>"; };
		C293EB741D365A6B00A59101 /* AddMemorailViewController.m */ = {isa = PBXFileReference; fileEncoding = 4; lastKnownFileType = sourcecode.c.objc; path = AddMemorailViewController.m; sourceTree = "<group>"; };
		C293EB761D366EDE00A59101 /* MapKit.framework */ = {isa = PBXFileReference; lastKnownFileType = wrapper.framework; name = MapKit.framework; path = System/Library/Frameworks/MapKit.framework; sourceTree = SDKROOT; };
		C293EB781D366F0200A59101 /* CoreLocation.framework */ = {isa = PBXFileReference; lastKnownFileType = wrapper.framework; name = CoreLocation.framework; path = System/Library/Frameworks/CoreLocation.framework; sourceTree = SDKROOT; };
		CD0F71700DC7A2B658662DB2 /* Pods-ZCProject0.1.debug.xcconfig */ = {isa = PBXFileReference; includeInIndex = 1; lastKnownFileType = text.xcconfig; name = "Pods-ZCProject0.1.debug.xcconfig"; path = "Pods/Target Support Files/Pods-ZCProject0.1/Pods-ZCProject0.1.debug.xcconfig"; sourceTree = "<group>"; };
		D604B2E71D431EBA008522BA /* GoodsRequest.h */ = {isa = PBXFileReference; fileEncoding = 4; lastKnownFileType = sourcecode.c.h; path = GoodsRequest.h; sourceTree = "<group>"; };
		D604B2E81D431EBA008522BA /* GoodsRequest.m */ = {isa = PBXFileReference; fileEncoding = 4; lastKnownFileType = sourcecode.c.objc; path = GoodsRequest.m; sourceTree = "<group>"; };
		D604B2EA1D431EC7008522BA /* 9.jpg */ = {isa = PBXFileReference; lastKnownFileType = image.jpeg; path = 9.jpg; sourceTree = "<group>"; };
		D604B2EB1D431EC7008522BA /* GoodsModel.h */ = {isa = PBXFileReference; fileEncoding = 4; lastKnownFileType = sourcecode.c.h; path = GoodsModel.h; sourceTree = "<group>"; };
		D604B2EC1D431EC7008522BA /* GoodsModel.m */ = {isa = PBXFileReference; fileEncoding = 4; lastKnownFileType = sourcecode.c.objc; path = GoodsModel.m; sourceTree = "<group>"; };
		D604B2ED1D431EC7008522BA /* ShopModel.h */ = {isa = PBXFileReference; fileEncoding = 4; lastKnownFileType = sourcecode.c.h; path = ShopModel.h; sourceTree = "<group>"; };
		D604B2EE1D431EC7008522BA /* ShopModel.m */ = {isa = PBXFileReference; fileEncoding = 4; lastKnownFileType = sourcecode.c.objc; path = ShopModel.m; sourceTree = "<group>"; };
		D604B2F21D431EDB008522BA /* MainTableViewCell.h */ = {isa = PBXFileReference; fileEncoding = 4; lastKnownFileType = sourcecode.c.h; path = MainTableViewCell.h; sourceTree = "<group>"; };
		D604B2F31D431EDB008522BA /* MainTableViewCell.m */ = {isa = PBXFileReference; fileEncoding = 4; lastKnownFileType = sourcecode.c.objc; path = MainTableViewCell.m; sourceTree = "<group>"; };
		D604B2F41D431EDB008522BA /* CXCarouselView.h */ = {isa = PBXFileReference; fileEncoding = 4; lastKnownFileType = sourcecode.c.h; path = CXCarouselView.h; sourceTree = "<group>"; };
		D604B2F51D431EDB008522BA /* CXCarouselView.m */ = {isa = PBXFileReference; fileEncoding = 4; lastKnownFileType = sourcecode.c.objc; path = CXCarouselView.m; sourceTree = "<group>"; };
		D604B2F61D431EDB008522BA /* ShopTableViewCell.h */ = {isa = PBXFileReference; fileEncoding = 4; lastKnownFileType = sourcecode.c.h; path = ShopTableViewCell.h; sourceTree = "<group>"; };
		D604B2F71D431EDB008522BA /* ShopTableViewCell.m */ = {isa = PBXFileReference; fileEncoding = 4; lastKnownFileType = sourcecode.c.objc; path = ShopTableViewCell.m; sourceTree = "<group>"; };
		D604B2FB1D431EEA008522BA /* GoodsViewController.h */ = {isa = PBXFileReference; fileEncoding = 4; lastKnownFileType = sourcecode.c.h; path = GoodsViewController.h; sourceTree = "<group>"; };
		D604B2FC1D431EEA008522BA /* GoodsViewController.m */ = {isa = PBXFileReference; fileEncoding = 4; lastKnownFileType = sourcecode.c.objc; path = GoodsViewController.m; sourceTree = "<group>"; };
		D604B2FD1D431EEA008522BA /* ShopingViewController.h */ = {isa = PBXFileReference; fileEncoding = 4; lastKnownFileType = sourcecode.c.h; path = ShopingViewController.h; sourceTree = "<group>"; };
		D604B2FE1D431EEA008522BA /* ShopingViewController.m */ = {isa = PBXFileReference; fileEncoding = 4; lastKnownFileType = sourcecode.c.objc; path = ShopingViewController.m; sourceTree = "<group>"; };
		D604B2FF1D431EEA008522BA /* WebViewController.h */ = {isa = PBXFileReference; fileEncoding = 4; lastKnownFileType = sourcecode.c.h; path = WebViewController.h; sourceTree = "<group>"; };
		D604B3001D431EEA008522BA /* WebViewController.m */ = {isa = PBXFileReference; fileEncoding = 4; lastKnownFileType = sourcecode.c.objc; path = WebViewController.m; sourceTree = "<group>"; };
/* End PBXFileReference section */

/* Begin PBXFrameworksBuildPhase section */
		7D415C2A1D34D2A7004E5E22 /* Frameworks */ = {
			isa = PBXFrameworksBuildPhase;
			buildActionMask = 2147483647;
			files = (
				C293EB791D366F0200A59101 /* CoreLocation.framework in Frameworks */,
				C293EB771D366EDE00A59101 /* MapKit.framework in Frameworks */,
				7DB744BD1D35D27C004C534C /* libsqlite3.tbd in Frameworks */,
				7419A024872539F1D1B6158C /* libPods-ZCProject0.1.a in Frameworks */,
			);
			runOnlyForDeploymentPostprocessing = 0;
		};
/* End PBXFrameworksBuildPhase section */

/* Begin PBXGroup section */
		062D43396ACE4AB3A039BFE2 /* Pods */ = {
			isa = PBXGroup;
			children = (
				CD0F71700DC7A2B658662DB2 /* Pods-ZCProject0.1.debug.xcconfig */,
				A0474E7ABB2ABC50A760EBC0 /* Pods-ZCProject0.1.release.xcconfig */,
			);
			name = Pods;
			sourceTree = "<group>";
		};
		7D415C241D34D2A7004E5E22 = {
			isa = PBXGroup;
			children = (
				7D415C2F1D34D2A7004E5E22 /* ZCProject0.1 */,
				7D415C2E1D34D2A7004E5E22 /* Products */,
				062D43396ACE4AB3A039BFE2 /* Pods */,
				8D98B616EC061626A051913D /* Frameworks */,
			);
			sourceTree = "<group>";
		};
		7D415C2E1D34D2A7004E5E22 /* Products */ = {
			isa = PBXGroup;
			children = (
				7D415C2D1D34D2A7004E5E22 /* ZCProject0.1.app */,
			);
			name = Products;
			sourceTree = "<group>";
		};
		7D415C2F1D34D2A7004E5E22 /* ZCProject0.1 */ = {
			isa = PBXGroup;
			children = (
				7D415C7A1D34F4FB004E5E22 /* Base */,
				7D415C481D34D368004E5E22 /* Explore */,
				D604B2E01D431DE8008522BA /* Goods */,
				7D415C4A1D34D417004E5E22 /* FriendCircle */,
				7D415C4B1D34D421004E5E22 /* Me */,
				7D415C4C1D34D453004E5E22 /* Other */,
				7D415C4D1D34D476004E5E22 /* Expand */,
				7D415C4E1D34D48B004E5E22 /* Vender */,
				7D415C4F1D34D49F004E5E22 /* Resource */,
				7D415C301D34D2A7004E5E22 /* Supporting Files */,
			);
			path = ZCProject0.1;
			sourceTree = "<group>";
		};
		7D415C301D34D2A7004E5E22 /* Supporting Files */ = {
			isa = PBXGroup;
			children = (
				7D415C311D34D2A7004E5E22 /* main.m */,
			);
			name = "Supporting Files";
			sourceTree = "<group>";
		};
		7D415C471D34D2BA004E5E22 /* AppDelegate */ = {
			isa = PBXGroup;
			children = (
				7D415C331D34D2A7004E5E22 /* AppDelegate.h */,
				7D415C341D34D2A7004E5E22 /* AppDelegate.m */,
			);
			name = AppDelegate;
			sourceTree = "<group>";
		};
		7D415C481D34D368004E5E22 /* Explore */ = {
			isa = PBXGroup;
			children = (
				7D415C581D34D61A004E5E22 /* Model */,
				7D415C571D34D610004E5E22 /* View */,
				7D415C561D34D60A004E5E22 /* Controller */,
				7D415C591D34D61F004E5E22 /* Other */,
			);
			name = Explore;
			sourceTree = "<group>";
		};
		7D415C4A1D34D417004E5E22 /* FriendCircle */ = {
			isa = PBXGroup;
			children = (
				7D415C611D34D65F004E5E22 /* Model */,
				7D415C601D34D65A004E5E22 /* View */,
				7D415C5F1D34D655004E5E22 /* Controller */,
				7D415C5E1D34D64D004E5E22 /* Other */,
			);
			name = FriendCircle;
			sourceTree = "<group>";
		};
		7D415C4B1D34D421004E5E22 /* Me */ = {
			isa = PBXGroup;
			children = (
				7D415C651D34D67A004E5E22 /* Model */,
				7D415C641D34D671004E5E22 /* View */,
				7D415C631D34D66A004E5E22 /* Controller */,
				7D415C621D34D665004E5E22 /* Other */,
			);
			name = Me;
			sourceTree = "<group>";
		};
		7D415C4C1D34D453004E5E22 /* Other */ = {
			isa = PBXGroup;
			children = (
				7DF257711D365E2D0022FC37 /* ZCUser */,
				7D415C791D34F4B1004E5E22 /* ZCTabBarController */,
				7D415C471D34D2BA004E5E22 /* AppDelegate */,
				7D415C3E1D34D2A7004E5E22 /* LaunchScreen.storyboard */,
				7D415C411D34D2A7004E5E22 /* Info.plist */,
				7D415C8E1D350E97004E5E22 /* PrefixHeader.pch */,
			);
			name = Other;
			sourceTree = "<group>";
		};
		7D415C4D1D34D476004E5E22 /* Expand */ = {
			isa = PBXGroup;
			children = (
				7D415C551D34D5E1004E5E22 /* Const */,
				7D415C541D34D5C7004E5E22 /* Macros */,
				7D415C521D34D4E0004E5E22 /* RequestHlper */,
				7D415C511D34D4CF004E5E22 /* DBHlper */,
			);
			name = Expand;
			sourceTree = "<group>";
		};
		7D415C4E1D34D48B004E5E22 /* Vender */ = {
			isa = PBXGroup;
			children = (
				7D84385C1D3C7A7200AF2875 /* STTextHud */,
			);
			name = Vender;
			sourceTree = "<group>";
		};
		7D415C4F1D34D49F004E5E22 /* Resource */ = {
			isa = PBXGroup;
			children = (
				7D415C501D34D4AF004E5E22 /* Images */,
			);
			name = Resource;
			sourceTree = "<group>";
		};
		7D415C501D34D4AF004E5E22 /* Images */ = {
			isa = PBXGroup;
			children = (
				7D9857FC1D405B0000E0C507 /* icon-cat-reload@2x.png */,
				7DE80C371D3F7E2700D4171C /* NOMessage.png */,
				7DE80C351D3F604A00D4171C /* MeButtons.png */,
				7DE80C301D3F0F1F00D4171C /* tools.png */,
				7DE7E69C1D37812100127B17 /* backgroundImage.png */,
				7D415C3C1D34D2A7004E5E22 /* Assets.xcassets */,
			);
			name = Images;
			sourceTree = "<group>";
		};
		7D415C511D34D4CF004E5E22 /* DBHlper */ = {
			isa = PBXGroup;
			children = (
				7DB744B91D35CFE7004C534C /* SqliteHelper.h */,
				7DB744BA1D35CFE7004C534C /* SqliteHelper.m */,
			);
			name = DBHlper;
			sourceTree = "<group>";
		};
		7D415C521D34D4E0004E5E22 /* RequestHlper */ = {
			isa = PBXGroup;
			children = (
				7D415C941D35123B004E5E22 /* CZRequestHelper.h */,
				7D415C951D35123B004E5E22 /* CZRequestHelper.m */,
			);
			name = RequestHlper;
			sourceTree = "<group>";
		};
		7D415C541D34D5C7004E5E22 /* Macros */ = {
			isa = PBXGroup;
			children = (
				7D415C901D350EC7004E5E22 /* CommonString.h */,
			);
			name = Macros;
			sourceTree = "<group>";
		};
		7D415C551D34D5E1004E5E22 /* Const */ = {
			isa = PBXGroup;
			children = (
				7D415C8F1D350EC7004E5E22 /* RequestUrl.h */,
			);
			name = Const;
			sourceTree = "<group>";
		};
		7D415C561D34D60A004E5E22 /* Controller */ = {
			isa = PBXGroup;
			children = (
			);
			name = Controller;
			sourceTree = "<group>";
		};
		7D415C571D34D610004E5E22 /* View */ = {
			isa = PBXGroup;
			children = (
			);
			name = View;
			sourceTree = "<group>";
		};
		7D415C581D34D61A004E5E22 /* Model */ = {
			isa = PBXGroup;
			children = (
			);
			name = Model;
			sourceTree = "<group>";
		};
		7D415C591D34D61F004E5E22 /* Other */ = {
			isa = PBXGroup;
			children = (
			);
			name = Other;
			sourceTree = "<group>";
		};
		7D415C5E1D34D64D004E5E22 /* Other */ = {
			isa = PBXGroup;
			children = (
				7D8438711D3CB91700AF2875 /* ZCMemorialDayManager.h */,
				7D8438721D3CB91700AF2875 /* ZCMemorialDayManager.m */,
				7DE7DC6C1D41C4EE00935DB4 /* ZCMessageHelper.h */,
				7DE7DC6D1D41C4EE00935DB4 /* ZCMessageHelper.m */,
			);
			name = Other;
			sourceTree = "<group>";
		};
		7D415C5F1D34D655004E5E22 /* Controller */ = {
			isa = PBXGroup;
			children = (
				C2196CB21D42230B008EDF56 /* InviteViewController.h */,
				C2196CB31D42230B008EDF56 /* InviteViewController.m */,
				C293EB561D363DAA00A59101 /* LoverHomePageViewController.h */,
				C293EB571D363DAA00A59101 /* LoverHomePageViewController.m */,
				C293EB581D363DAA00A59101 /* AddLoverViewController.h */,
				C25598471D38BF0100A7ADED /* AddLoverViewController.m */,
				C293EB5A1D363DAA00A59101 /* ChatViewController.h */,
				C293EB5B1D363DAA00A59101 /* ChatViewController.m */,
				C293EB5C1D363DAA00A59101 /* MapViewController.h */,
				C293EB5D1D363DAA00A59101 /* MapViewController.m */,
				C293EB5E1D363DAA00A59101 /* MemorailDayViewController.h */,
				C293EB5F1D363DAA00A59101 /* MemorailDayViewController.m */,
				C293EB731D365A6B00A59101 /* AddMemorailViewController.h */,
				C293EB741D365A6B00A59101 /* AddMemorailViewController.m */,
			);
			name = Controller;
			sourceTree = "<group>";
		};
		7D415C601D34D65A004E5E22 /* View */ = {
			isa = PBXGroup;
			children = (
				C2196CB51D42257D008EDF56 /* 6.jpg */,
				C293EB681D363DB200A59101 /* 1.jpg */,
				C25598221D387B1100A7ADED /* 10.jpg */,
				C25598271D38903100A7ADED /* 11.jpg */,
				C25598291D38903400A7ADED /* 12.jpg */,
				C255982D1D3890A200A7ADED /* 13.jpg */,
				C255982B1D38904300A7ADED /* 14.jpg */,
				C273E3801D3E086500136884 /* chat.png */,
				C273E3841D3E087600136884 /* map.png */,
				C273E3821D3E087000136884 /* memorail.png */,
				C255984F1D38CCDD00A7ADED /* eye.png */,
				C25598591D39220300A7ADED /* bubbleSelf.png */,
				C255985B1D39220700A7ADED /* bubble.png */,
				C273E37A1D3DFC9400136884 /* emoji.png */,
				C273E37C1D3DFC9800136884 /* void.png */,
				C273E37E1D3DFC9C00136884 /* pluce.png */,
				C2196CB71D4241F4008EDF56 /* 樱花瓣2.png */,
				C25598241D3883FF00A7ADED /* LoverTableViewCell.h */,
				C25598251D3883FF00A7ADED /* LoverTableViewCell.m */,
				C2939C931D378B3400817651 /* FriendListTableViewCell.h */,
				C2939C941D378B3400817651 /* FriendListTableViewCell.m */,
				C255982F1D3895C000A7ADED /* LoverZoneHeaderTableViewCell.h */,
				C25598301D3895C000A7ADED /* LoverZoneHeaderTableViewCell.m */,
				C25598321D389EE100A7ADED /* ChatTableViewCell.h */,
				C25598331D389EE100A7ADED /* ChatTableViewCell.m */,
				C25EC13E1D49F7D20052CF38 /* AddViewController.h */,
				C25EC13F1D49F7D20052CF38 /* AddViewController.m */,
				C25598351D389F0700A7ADED /* MapTableViewCell.h */,
				C25598361D389F0700A7ADED /* MapTableViewCell.m */,
				C25598381D389F1E00A7ADED /* MemorailTableViewCell.h */,
				C25598391D389F1E00A7ADED /* MemorailTableViewCell.m */,
				C25598531D3912D000A7ADED /* AddChatTableViewCell.h */,
				C25598541D3912D000A7ADED /* AddChatTableViewCell.m */,
				C293EB701D36441300A59101 /* MemorailDayTableViewCell.h */,
				C293EB711D36441300A59101 /* MemorailDayTableViewCell.m */,
			);
			name = View;
			sourceTree = "<group>";
		};
		7D415C611D34D65F004E5E22 /* Model */ = {
			isa = PBXGroup;
			children = (
				C25598561D391E9C00A7ADED /* MessageObj.h */,
				C25598571D391E9C00A7ADED /* MessageObj.m */,
				7D8438741D3CCD5F00AF2875 /* ZCMemorialDayModel.h */,
				7D8438751D3CCD5F00AF2875 /* ZCMemorialDayModel.m */,
			);
			name = Model;
			sourceTree = "<group>";
		};
		7D415C621D34D665004E5E22 /* Other */ = {
			isa = PBXGroup;
			children = (
			);
			name = Other;
			sourceTree = "<group>";
		};
		7D415C631D34D66A004E5E22 /* Controller */ = {
			isa = PBXGroup;
			children = (
				7DE3F9071D3DBD4C0038D2C0 /* ZCMeHomeViewController.h */,
				7DE3F9081D3DBD4C0038D2C0 /* ZCMeHomeViewController.m */,
			);
			name = Controller;
			sourceTree = "<group>";
		};
		7D415C641D34D671004E5E22 /* View */ = {
			isa = PBXGroup;
			children = (
				7DE80C321D3F2A6B00D4171C /* ZCTopTableViewCell.h */,
				7DE80C331D3F2A6B00D4171C /* ZCTopTableViewCell.m */,
				7DE80C391D3F7E3800D4171C /* ZCNoMessageTableViewCell.h */,
				7DE80C3A1D3F7E3800D4171C /* ZCNoMessageTableViewCell.m */,
			);
			name = View;
			sourceTree = "<group>";
		};
		7D415C651D34D67A004E5E22 /* Model */ = {
			isa = PBXGroup;
			children = (
			);
			name = Model;
			sourceTree = "<group>";
		};
		7D415C791D34F4B1004E5E22 /* ZCTabBarController */ = {
			isa = PBXGroup;
			children = (
				7D415C881D34F612004E5E22 /* ZCTabBar.h */,
				7D415C891D34F612004E5E22 /* ZCTabBar.m */,
				7D415C8B1D34F81E004E5E22 /* RootViewController.h */,
				7D415C8C1D34F81E004E5E22 /* RootViewController.m */,
			);
			name = ZCTabBarController;
			sourceTree = "<group>";
		};
		7D415C7A1D34F4FB004E5E22 /* Base */ = {
			isa = PBXGroup;
			children = (
				7D415C7B1D34F516004E5E22 /* BaseViewController.h */,
				7D415C7C1D34F516004E5E22 /* BaseViewController.m */,
				7D415C7F1D34F529004E5E22 /* BaseView.h */,
				7D415C801D34F529004E5E22 /* BaseView.m */,
				7D415C821D34F53A004E5E22 /* BaseModel.h */,
				7D415C831D34F53A004E5E22 /* BaseModel.m */,
				7D415C851D34F55B004E5E22 /* BaseRequest.h */,
				7D415C861D34F55B004E5E22 /* BaseRequest.m */,
				7DB744B61D35CFD4004C534C /* BaseSqlite.h */,
				7DB744B71D35CFD4004C534C /* BaseSqlite.m */,
			);
			name = Base;
			sourceTree = "<group>";
		};
		7D84385C1D3C7A7200AF2875 /* STTextHud */ = {
			isa = PBXGroup;
			children = (
				7D84385D1D3C7A7200AF2875 /* angle-mask@3x.png */,
				7D84385E1D3C7A7200AF2875 /* GCLoadingView.h */,
				7D84385F1D3C7A7200AF2875 /* GCLoadingView.m */,
				7D8438601D3C7A7200AF2875 /* NSString+Size.h */,
				7D8438611D3C7A7200AF2875 /* NSString+Size.m */,
				7D8438621D3C7A7200AF2875 /* STError@2x.png */,
				7D8438631D3C7A7200AF2875 /* STSuccess@2x.png */,
				7D8438641D3C7A7200AF2875 /* STTextHud.h */,
				7D8438651D3C7A7200AF2875 /* STTextHud.m */,
				7D8438661D3C7A7200AF2875 /* STTextHud.xib */,
				7D8438671D3C7A7200AF2875 /* STTextHudTool.h */,
				7D8438681D3C7A7200AF2875 /* STTextHudTool.m */,
			);
			path = STTextHud;
			sourceTree = "<group>";
		};
		7DF257711D365E2D0022FC37 /* ZCUser */ = {
			isa = PBXGroup;
			children = (
				7DF257781D36657B0022FC37 /* ZCLoginViewController.h */,
				7DF257791D36657B0022FC37 /* ZCLoginViewController.m */,
				7DF2577B1D3665870022FC37 /* CZRegisterViewController.h */,
				7DF2577C1D3665870022FC37 /* CZRegisterViewController.m */,
				7DE7E6971D373B9500127B17 /* ProvingLoginStatus.h */,
				7DE7E6981D373B9500127B17 /* ProvingLoginStatus.m */,
				7D93DCC81D388B3F00F5542A /* ZCLoginHelper.h */,
				7D93DCC91D388B3F00F5542A /* ZCLoginHelper.m */,
			);
			name = ZCUser;
			sourceTree = "<group>";
		};
		8D98B616EC061626A051913D /* Frameworks */ = {
			isa = PBXGroup;
			children = (
				C293EB781D366F0200A59101 /* CoreLocation.framework */,
				C293EB761D366EDE00A59101 /* MapKit.framework */,
				7DB744BC1D35D27C004C534C /* libsqlite3.tbd */,
				649348D8C8F9355D9E347586 /* libPods-ZCProject0.1.a */,
			);
			name = Frameworks;
			sourceTree = "<group>";
		};
		D604B2E01D431DE8008522BA /* Goods */ = {
			isa = PBXGroup;
			children = (
				D604B2E11D431E23008522BA /* Request */,
				D604B2E31D431E62008522BA /* Model */,
				D604B2E41D431E6D008522BA /* View */,
				D604B2E51D431E75008522BA /* Controller */,
				D604B2E61D431E7E008522BA /* Other */,
			);
			name = Goods;
			sourceTree = "<group>";
		};
		D604B2E11D431E23008522BA /* Request */ = {
			isa = PBXGroup;
			children = (
				D604B2E71D431EBA008522BA /* GoodsRequest.h */,
				D604B2E81D431EBA008522BA /* GoodsRequest.m */,
			);
			name = Request;
			sourceTree = "<group>";
		};
		D604B2E31D431E62008522BA /* Model */ = {
			isa = PBXGroup;
			children = (
				D604B2EA1D431EC7008522BA /* 9.jpg */,
				D604B2EB1D431EC7008522BA /* GoodsModel.h */,
				D604B2EC1D431EC7008522BA /* GoodsModel.m */,
				D604B2ED1D431EC7008522BA /* ShopModel.h */,
				D604B2EE1D431EC7008522BA /* ShopModel.m */,
			);
			name = Model;
			sourceTree = "<group>";
		};
		D604B2E41D431E6D008522BA /* View */ = {
			isa = PBXGroup;
			children = (
				D604B2F21D431EDB008522BA /* MainTableViewCell.h */,
				D604B2F31D431EDB008522BA /* MainTableViewCell.m */,
				D604B2F41D431EDB008522BA /* CXCarouselView.h */,
				D604B2F51D431EDB008522BA /* CXCarouselView.m */,
				D604B2F61D431EDB008522BA /* ShopTableViewCell.h */,
				D604B2F71D431EDB008522BA /* ShopTableViewCell.m */,
			);
			name = View;
			sourceTree = "<group>";
		};
		D604B2E51D431E75008522BA /* Controller */ = {
			isa = PBXGroup;
			children = (
				D604B2FB1D431EEA008522BA /* GoodsViewController.h */,
				D604B2FC1D431EEA008522BA /* GoodsViewController.m */,
				D604B2FD1D431EEA008522BA /* ShopingViewController.h */,
				D604B2FE1D431EEA008522BA /* ShopingViewController.m */,
				D604B2FF1D431EEA008522BA /* WebViewController.h */,
				D604B3001D431EEA008522BA /* WebViewController.m */,
			);
			name = Controller;
			sourceTree = "<group>";
		};
		D604B2E61D431E7E008522BA /* Other */ = {
			isa = PBXGroup;
			children = (
			);
			name = Other;
			sourceTree = "<group>";
		};
/* End PBXGroup section */

/* Begin PBXNativeTarget section */
		7D415C2C1D34D2A7004E5E22 /* ZCProject0.1 */ = {
			isa = PBXNativeTarget;
			buildConfigurationList = 7D415C441D34D2A7004E5E22 /* Build configuration list for PBXNativeTarget "ZCProject0.1" */;
			buildPhases = (
				CED4BFDB6BDF99C8FF46E154 /* [CP] Check Pods Manifest.lock */,
				7D415C291D34D2A7004E5E22 /* Sources */,
				7D415C2A1D34D2A7004E5E22 /* Frameworks */,
				7D415C2B1D34D2A7004E5E22 /* Resources */,
				C4D68C795D470756BBCA6B21 /* [CP] Embed Pods Frameworks */,
				13DBD351F76A0A963EAD99CB /* [CP] Copy Pods Resources */,
			);
			buildRules = (
			);
			dependencies = (
			);
			name = ZCProject0.1;
			productName = ZCProject0.1;
			productReference = 7D415C2D1D34D2A7004E5E22 /* ZCProject0.1.app */;
			productType = "com.apple.product-type.application";
		};
/* End PBXNativeTarget section */

/* Begin PBXProject section */
		7D415C251D34D2A7004E5E22 /* Project object */ = {
			isa = PBXProject;
			attributes = {
				CLASSPREFIX = ZC;
				LastUpgradeCheck = 0710;
				ORGANIZATIONNAME = "唐旭";
				TargetAttributes = {
					7D415C2C1D34D2A7004E5E22 = {
						CreatedOnToolsVersion = 7.1;
						DevelopmentTeam = BB98N95SE8;
					};
				};
			};
			buildConfigurationList = 7D415C281D34D2A7004E5E22 /* Build configuration list for PBXProject "ZCProject0.1" */;
			compatibilityVersion = "Xcode 3.2";
			developmentRegion = English;
			hasScannedForEncodings = 0;
			knownRegions = (
				en,
				Base,
			);
			mainGroup = 7D415C241D34D2A7004E5E22;
			productRefGroup = 7D415C2E1D34D2A7004E5E22 /* Products */;
			projectDirPath = "";
			projectRoot = "";
			targets = (
				7D415C2C1D34D2A7004E5E22 /* ZCProject0.1 */,
			);
		};
/* End PBXProject section */

/* Begin PBXResourcesBuildPhase section */
		7D415C2B1D34D2A7004E5E22 /* Resources */ = {
			isa = PBXResourcesBuildPhase;
			buildActionMask = 2147483647;
			files = (
				C273E37F1D3DFC9C00136884 /* pluce.png in Resources */,
				C273E37D1D3DFC9800136884 /* void.png in Resources */,
				C255985C1D39220700A7ADED /* bubble.png in Resources */,
				7D9857FD1D405B0000E0C507 /* icon-cat-reload@2x.png in Resources */,
				C25598231D387B1100A7ADED /* 10.jpg in Resources */,
				7DE80C381D3F7E2700D4171C /* NOMessage.png in Resources */,
				C273E37B1D3DFC9400136884 /* emoji.png in Resources */,
				C25598281D38903100A7ADED /* 11.jpg in Resources */,
				C255982E1D3890A200A7ADED /* 13.jpg in Resources */,
				7D84386D1D3C7A7200AF2875 /* STSuccess@2x.png in Resources */,
				C255982A1D38903400A7ADED /* 12.jpg in Resources */,
				C293EB6B1D363DB200A59101 /* 1.jpg in Resources */,
				7D84386C1D3C7A7200AF2875 /* STError@2x.png in Resources */,
				C273E3811D3E086500136884 /* chat.png in Resources */,
				C2196CB61D42257D008EDF56 /* 6.jpg in Resources */,
				7DE80C311D3F0F1F00D4171C /* tools.png in Resources */,
				7DE7E69D1D37812100127B17 /* backgroundImage.png in Resources */,
				7D415C401D34D2A7004E5E22 /* LaunchScreen.storyboard in Resources */,
				C2196CB81D4241F4008EDF56 /* 樱花瓣2.png in Resources */,
				C255982C1D38904300A7ADED /* 14.jpg in Resources */,
				C255985A1D39220300A7ADED /* bubbleSelf.png in Resources */,
				7DE80C361D3F604A00D4171C /* MeButtons.png in Resources */,
				C273E3851D3E087600136884 /* map.png in Resources */,
				7D415C3D1D34D2A7004E5E22 /* Assets.xcassets in Resources */,
				C273E3831D3E087000136884 /* memorail.png in Resources */,
				C25598501D38CCDD00A7ADED /* eye.png in Resources */,
				D604B2EF1D431EC7008522BA /* 9.jpg in Resources */,
				7D8438691D3C7A7200AF2875 /* angle-mask@3x.png in Resources */,
				7D84386F1D3C7A7200AF2875 /* STTextHud.xib in Resources */,
			);
			runOnlyForDeploymentPostprocessing = 0;
		};
/* End PBXResourcesBuildPhase section */

/* Begin PBXShellScriptBuildPhase section */
		13DBD351F76A0A963EAD99CB /* [CP] Copy Pods Resources */ = {
			isa = PBXShellScriptBuildPhase;
			buildActionMask = 2147483647;
			files = (
			);
			inputPaths = (
			);
			name = "[CP] Copy Pods Resources";
			outputPaths = (
			);
			runOnlyForDeploymentPostprocessing = 0;
			shellPath = /bin/sh;
			shellScript = "\"${SRCROOT}/Pods/Target Support Files/Pods-ZCProject0.1/Pods-ZCProject0.1-resources.sh\"\n";
			showEnvVarsInLog = 0;
		};
		C4D68C795D470756BBCA6B21 /* [CP] Embed Pods Frameworks */ = {
			isa = PBXShellScriptBuildPhase;
			buildActionMask = 2147483647;
			files = (
			);
			inputPaths = (
			);
			name = "[CP] Embed Pods Frameworks";
			outputPaths = (
			);
			runOnlyForDeploymentPostprocessing = 0;
			shellPath = /bin/sh;
			shellScript = "\"${SRCROOT}/Pods/Target Support Files/Pods-ZCProject0.1/Pods-ZCProject0.1-frameworks.sh\"\n";
			showEnvVarsInLog = 0;
		};
		CED4BFDB6BDF99C8FF46E154 /* [CP] Check Pods Manifest.lock */ = {
			isa = PBXShellScriptBuildPhase;
			buildActionMask = 2147483647;
			files = (
			);
			inputPaths = (
			);
			name = "[CP] Check Pods Manifest.lock";
			outputPaths = (
			);
			runOnlyForDeploymentPostprocessing = 0;
			shellPath = /bin/sh;
			shellScript = "diff \"${PODS_ROOT}/../Podfile.lock\" \"${PODS_ROOT}/Manifest.lock\" > /dev/null\nif [[ $? != 0 ]] ; then\n    cat << EOM\nerror: The sandbox is not in sync with the Podfile.lock. Run 'pod install' or update your CocoaPods installation.\nEOM\n    exit 1\nfi\n";
			showEnvVarsInLog = 0;
		};
/* End PBXShellScriptBuildPhase section */

/* Begin PBXSourcesBuildPhase section */
		7D415C291D34D2A7004E5E22 /* Sources */ = {
			isa = PBXSourcesBuildPhase;
			buildActionMask = 2147483647;
			files = (
				C25598371D389F0700A7ADED /* MapTableViewCell.m in Sources */,
				7D415C351D34D2A7004E5E22 /* AppDelegate.m in Sources */,
				7D84386B1D3C7A7200AF2875 /* NSString+Size.m in Sources */,
				C293EB651D363DAA00A59101 /* MapViewController.m in Sources */,
				D604B3011D431EEA008522BA /* GoodsViewController.m in Sources */,
				D604B3021D431EEA008522BA /* ShopingViewController.m in Sources */,
				7DF2577D1D3665870022FC37 /* CZRegisterViewController.m in Sources */,
				D604B2E91D431EBA008522BA /* GoodsRequest.m in Sources */,
				7D84386E1D3C7A7200AF2875 /* STTextHud.m in Sources */,
				C25598341D389EE100A7ADED /* ChatTableViewCell.m in Sources */,
				D604B2F01D431EC7008522BA /* GoodsModel.m in Sources */,
				C25598581D391E9C00A7ADED /* MessageObj.m in Sources */,
				7DF2577A1D36657B0022FC37 /* ZCLoginViewController.m in Sources */,
				7D8438761D3CCD5F00AF2875 /* ZCMemorialDayModel.m in Sources */,
				7DB744BB1D35CFE7004C534C /* SqliteHelper.m in Sources */,
				7DE7DC6E1D41C4EE00935DB4 /* ZCMessageHelper.m in Sources */,
				C293EB751D365A6B00A59101 /* AddMemorailViewController.m in Sources */,
				C25598481D38BF0100A7ADED /* AddLoverViewController.m in Sources */,
				C293EB621D363DAA00A59101 /* LoverHomePageViewController.m in Sources */,
				7D415C7D1D34F516004E5E22 /* BaseViewController.m in Sources */,
				C25EC1401D49F7D20052CF38 /* AddViewController.m in Sources */,
				7DE80C341D3F2A6B00D4171C /* ZCTopTableViewCell.m in Sources */,
				C25598551D3912D000A7ADED /* AddChatTableViewCell.m in Sources */,
				7D415C961D35123B004E5E22 /* CZRequestHelper.m in Sources */,
				7DE3F9091D3DBD4C0038D2C0 /* ZCMeHomeViewController.m in Sources */,
				D604B3031D431EEA008522BA /* WebViewController.m in Sources */,
				C25598311D3895C000A7ADED /* LoverZoneHeaderTableViewCell.m in Sources */,
				C2939C951D378B3400817651 /* FriendListTableViewCell.m in Sources */,
				D604B2F91D431EDB008522BA /* CXCarouselView.m in Sources */,
				7D415C8D1D34F81E004E5E22 /* RootViewController.m in Sources */,
				C255983A1D389F1E00A7ADED /* MemorailTableViewCell.m in Sources */,
				7D84386A1D3C7A7200AF2875 /* GCLoadingView.m in Sources */,
				C293EB721D36441300A59101 /* MemorailDayTableViewCell.m in Sources */,
				7D415C8A1D34F612004E5E22 /* ZCTabBar.m in Sources */,
				D604B2F11D431EC7008522BA /* ShopModel.m in Sources */,
				C2196CB41D42230B008EDF56 /* InviteViewController.m in Sources */,
				7DE7E6991D373B9500127B17 /* ProvingLoginStatus.m in Sources */,
				7D415C321D34D2A7004E5E22 /* main.m in Sources */,
				7DB744B81D35CFD4004C534C /* BaseSqlite.m in Sources */,
				7D415C841D34F53A004E5E22 /* BaseModel.m in Sources */,
				D604B2F81D431EDB008522BA /* MainTableViewCell.m in Sources */,
				C293EB661D363DAA00A59101 /* MemorailDayViewController.m in Sources */,
				7DE80C3B1D3F7E3800D4171C /* ZCNoMessageTableViewCell.m in Sources */,
				7D8438731D3CB91700AF2875 /* ZCMemorialDayManager.m in Sources */,
				C25598261D3883FF00A7ADED /* LoverTableViewCell.m in Sources */,
				C293EB641D363DAA00A59101 /* ChatViewController.m in Sources */,
				D604B2FA1D431EDB008522BA /* ShopTableViewCell.m in Sources */,
				7D415C871D34F55B004E5E22 /* BaseRequest.m in Sources */,
				7D8438701D3C7A7200AF2875 /* STTextHudTool.m in Sources */,
				7D93DCCA1D388B3F00F5542A /* ZCLoginHelper.m in Sources */,
				7D415C811D34F529004E5E22 /* BaseView.m in Sources */,
			);
			runOnlyForDeploymentPostprocessing = 0;
		};
/* End PBXSourcesBuildPhase section */

/* Begin PBXVariantGroup section */
		7D415C3E1D34D2A7004E5E22 /* LaunchScreen.storyboard */ = {
			isa = PBXVariantGroup;
			children = (
				7D415C3F1D34D2A7004E5E22 /* Base */,
			);
			name = LaunchScreen.storyboard;
			sourceTree = "<group>";
		};
/* End PBXVariantGroup section */

/* Begin XCBuildConfiguration section */
		7D415C421D34D2A7004E5E22 /* Debug */ = {
			isa = XCBuildConfiguration;
			buildSettings = {
				ALWAYS_SEARCH_USER_PATHS = NO;
				CLANG_CXX_LANGUAGE_STANDARD = "gnu++0x";
				CLANG_CXX_LIBRARY = "libc++";
				CLANG_ENABLE_MODULES = YES;
				CLANG_ENABLE_OBJC_ARC = YES;
				CLANG_WARN_BOOL_CONVERSION = YES;
				CLANG_WARN_CONSTANT_CONVERSION = YES;
				CLANG_WARN_DIRECT_OBJC_ISA_USAGE = YES_ERROR;
				CLANG_WARN_EMPTY_BODY = YES;
				CLANG_WARN_ENUM_CONVERSION = YES;
				CLANG_WARN_INT_CONVERSION = YES;
				CLANG_WARN_OBJC_ROOT_CLASS = YES_ERROR;
				CLANG_WARN_UNREACHABLE_CODE = YES;
				CLANG_WARN__DUPLICATE_METHOD_MATCH = YES;
				"CODE_SIGN_IDENTITY[sdk=iphoneos*]" = "iPhone Developer";
				COPY_PHASE_STRIP = NO;
				DEBUG_INFORMATION_FORMAT = dwarf;
				ENABLE_STRICT_OBJC_MSGSEND = YES;
				ENABLE_TESTABILITY = YES;
				GCC_C_LANGUAGE_STANDARD = gnu99;
				GCC_DYNAMIC_NO_PIC = NO;
				GCC_NO_COMMON_BLOCKS = YES;
				GCC_OPTIMIZATION_LEVEL = 0;
				GCC_PREPROCESSOR_DEFINITIONS = (
					"DEBUG=1",
					"$(inherited)",
				);
				GCC_WARN_64_TO_32_BIT_CONVERSION = YES;
				GCC_WARN_ABOUT_RETURN_TYPE = YES_ERROR;
				GCC_WARN_UNDECLARED_SELECTOR = YES;
				GCC_WARN_UNINITIALIZED_AUTOS = YES_AGGRESSIVE;
				GCC_WARN_UNUSED_FUNCTION = YES;
				GCC_WARN_UNUSED_VARIABLE = YES;
				IPHONEOS_DEPLOYMENT_TARGET = 9.1;
				MTL_ENABLE_DEBUG_INFO = YES;
				ONLY_ACTIVE_ARCH = YES;
				SDKROOT = iphoneos;
			};
			name = Debug;
		};
		7D415C431D34D2A7004E5E22 /* Release */ = {
			isa = XCBuildConfiguration;
			buildSettings = {
				ALWAYS_SEARCH_USER_PATHS = NO;
				CLANG_CXX_LANGUAGE_STANDARD = "gnu++0x";
				CLANG_CXX_LIBRARY = "libc++";
				CLANG_ENABLE_MODULES = YES;
				CLANG_ENABLE_OBJC_ARC = YES;
				CLANG_WARN_BOOL_CONVERSION = YES;
				CLANG_WARN_CONSTANT_CONVERSION = YES;
				CLANG_WARN_DIRECT_OBJC_ISA_USAGE = YES_ERROR;
				CLANG_WARN_EMPTY_BODY = YES;
				CLANG_WARN_ENUM_CONVERSION = YES;
				CLANG_WARN_INT_CONVERSION = YES;
				CLANG_WARN_OBJC_ROOT_CLASS = YES_ERROR;
				CLANG_WARN_UNREACHABLE_CODE = YES;
				CLANG_WARN__DUPLICATE_METHOD_MATCH = YES;
				"CODE_SIGN_IDENTITY[sdk=iphoneos*]" = "iPhone Developer";
				COPY_PHASE_STRIP = NO;
				DEBUG_INFORMATION_FORMAT = "dwarf-with-dsym";
				ENABLE_NS_ASSERTIONS = NO;
				ENABLE_STRICT_OBJC_MSGSEND = YES;
				GCC_C_LANGUAGE_STANDARD = gnu99;
				GCC_NO_COMMON_BLOCKS = YES;
				GCC_WARN_64_TO_32_BIT_CONVERSION = YES;
				GCC_WARN_ABOUT_RETURN_TYPE = YES_ERROR;
				GCC_WARN_UNDECLARED_SELECTOR = YES;
				GCC_WARN_UNINITIALIZED_AUTOS = YES_AGGRESSIVE;
				GCC_WARN_UNUSED_FUNCTION = YES;
				GCC_WARN_UNUSED_VARIABLE = YES;
				IPHONEOS_DEPLOYMENT_TARGET = 9.1;
				MTL_ENABLE_DEBUG_INFO = NO;
				SDKROOT = iphoneos;
				VALIDATE_PRODUCT = YES;
			};
			name = Release;
		};
		7D415C451D34D2A7004E5E22 /* Debug */ = {
			isa = XCBuildConfiguration;
			baseConfigurationReference = CD0F71700DC7A2B658662DB2 /* Pods-ZCProject0.1.debug.xcconfig */;
			buildSettings = {
				ASSETCATALOG_COMPILER_APPICON_NAME = AppIcon;
				CODE_SIGN_IDENTITY = "iPhone Developer";
				"CODE_SIGN_IDENTITY[sdk=iphoneos*]" = "iPhone Developer";
				ENABLE_BITCODE = NO;
				GCC_PREFIX_HEADER = "$(ROOTSRC)ZCProject0.1/PrefixHeader.pch";
				INFOPLIST_FILE = ZCProject0.1/Info.plist;
				IPHONEOS_DEPLOYMENT_TARGET = 8.0;
				LD_RUNPATH_SEARCH_PATHS = "$(inherited) @executable_path/Frameworks";
				PRODUCT_BUNDLE_IDENTIFIER = TangXu.ZCProject001;
				PRODUCT_NAME = "$(TARGET_NAME)";
				PROVISIONING_PROFILE = "";
			};
			name = Debug;
		};
		7D415C461D34D2A7004E5E22 /* Release */ = {
			isa = XCBuildConfiguration;
			baseConfigurationReference = A0474E7ABB2ABC50A760EBC0 /* Pods-ZCProject0.1.release.xcconfig */;
			buildSettings = {
				ASSETCATALOG_COMPILER_APPICON_NAME = AppIcon;
				CODE_SIGN_IDENTITY = "iPhone Developer";
				"CODE_SIGN_IDENTITY[sdk=iphoneos*]" = "iPhone Developer";
				ENABLE_BITCODE = NO;
				GCC_PREFIX_HEADER = "$(ROOTSRC)ZCProject0.1/PrefixHeader.pch";
				INFOPLIST_FILE = ZCProject0.1/Info.plist;
				IPHONEOS_DEPLOYMENT_TARGET = 8.0;
				LD_RUNPATH_SEARCH_PATHS = "$(inherited) @executable_path/Frameworks";
				PRODUCT_BUNDLE_IDENTIFIER = TangXu.ZCProject001;
				PRODUCT_NAME = "$(TARGET_NAME)";
				PROVISIONING_PROFILE = "";
			};
			name = Release;
		};
/* End XCBuildConfiguration section */

/* Begin XCConfigurationList section */
		7D415C281D34D2A7004E5E22 /* Build configuration list for PBXProject "ZCProject0.1" */ = {
			isa = XCConfigurationList;
			buildConfigurations = (
				7D415C421D34D2A7004E5E22 /* Debug */,
				7D415C431D34D2A7004E5E22 /* Release */,
			);
			defaultConfigurationIsVisible = 0;
			defaultConfigurationName = Release;
		};
		7D415C441D34D2A7004E5E22 /* Build configuration list for PBXNativeTarget "ZCProject0.1" */ = {
			isa = XCConfigurationList;
			buildConfigurations = (
				7D415C451D34D2A7004E5E22 /* Debug */,
				7D415C461D34D2A7004E5E22 /* Release */,
			);
			defaultConfigurationIsVisible = 0;
			defaultConfigurationName = Release;
		};
/* End XCConfigurationList section */
	};
	rootObject = 7D415C251D34D2A7004E5E22 /* Project object */;
}
